
Microsoft Visual Studio Solution File, Format Version 12.00
# Visual Studio Version 17
VisualStudioVersion = 17.3.32825.248
MinimumVisualStudioVersion = 10.0.40219.1
Project("{FAE04EC0-301F-11D3-BF4B-00C04F79EFBC}") = "dz3", "dz3\dz3.csproj", "{8013C2BB-5A8D-4EE5-9674-D96C29017A11}"
EndProject
Global
	GlobalSection(SolutionConfigurationPlatforms) = preSolution
		Debug|Any CPU = Debug|Any CPU
		Release|Any CPU = Release|Any CPU
	EndGlobalSection
	GlobalSection(ProjectConfigurationPlatforms) = postSolution
		{8013C2BB-5A8D-4EE5-9674-D96C29017A11}.Debug|Any CPU.ActiveCfg = Debug|Any CPU
		{8013C2BB-5A8D-4EE5-9674-D96C29017A11}.Debug|Any CPU.Build.0 = Debug|Any CPU
		{8013C2BB-5A8D-4EE5-9674-D96C29017A11}.Release|Any CPU.ActiveCfg = Release|Any CPU
		{8013C2BB-5A8D-4EE5-9674-D96C29017A11}.Release|Any CPU.Build.0 = Release|Any CPU
	EndGlobalSection
	GlobalSection(SolutionProperties) = preSolution
		HideSolutionNode = FALSE
	EndGlobalSection
	GlobalSection(ExtensibilityGlobals) = postSolution
		SolutionGuid = {D7D0D5EA-0D89-4383-A0D6-EA208878162E}
	EndGlobalSection
EndGlobal
